
Microsoft Visual Studio Solution File, Format Version 12.00
# Visual Studio 15
VisualStudioVersion = 15.0.28010.2019
MinimumVisualStudioVersion = 10.0.40219.1
Project("{8BC9CEB8-8B4A-11D0-8D11-00A0C91BC942}") = "IV", "IV\IV.vcxproj", "{C37A12E2-6558-4B13-9782-AC58F04BDEDD}"
EndProject
Global
	GlobalSection(SolutionConfigurationPlatforms) = preSolution
		Debug|x64 = Debug|x64
		Debug|x86 = Debug|x86
		Release|x64 = Release|x64
		Release|x86 = Release|x86
	EndGlobalSection
	GlobalSection(ProjectConfigurationPlatforms) = postSolution
		{C37A12E2-6558-4B13-9782-AC58F04BDEDD}.Debug|x64.ActiveCfg = Debug|x64
		{C37A12E2-6558-4B13-9782-AC58F04BDEDD}.Debug|x64.Build.0 = Debug|x64
		{C37A12E2-6558-4B13-9782-AC58F04BDEDD}.Debug|x86.ActiveCfg = Debug|Win32
		{C37A12E2-6558-4B13-9782-AC58F04BDEDD}.Debug|x86.Build.0 = Debug|Win32
		{C37A12E2-6558-4B13-9782-AC58F04BDEDD}.Release|x64.ActiveCfg = Release|x64
		{C37A12E2-6558-4B13-9782-AC58F04BDEDD}.Release|x64.Build.0 = Release|x64
		{C37A12E2-6558-4B13-9782-AC58F04BDEDD}.Release|x86.ActiveCfg = Release|Win32
		{C37A12E2-6558-4B13-9782-AC58F04BDEDD}.Release|x86.Build.0 = Release|Win32
	EndGlobalSection
	GlobalSection(SolutionProperties) = preSolution
		HideSolutionNode = FALSE
	EndGlobalSection
	GlobalSection(ExtensibilityGlobals) = postSolution
		SolutionGuid = {E477B3E6-18E8-4A73-A0D5-2EE3A7B3336B}
	EndGlobalSection
EndGlobal
